Microsoft Visual Studio Solution File, Format Version 12.00
# Visual Studio Version 17
VisualStudioVersion = 17.2.32630.192
MinimumVisualStudioVersion = 10.0.40219.1
Project("{8BC9CEB8-8B4A-11D0-8D11-00A0C91BC942}") = "Win32Explorer", "..\App_Source\Win32Explorer.vcxproj", "{7544A240-2EBF-4DC1-B55B-C8AE32672ED0}"
EndProject
Project("{8BC9CEB8-8B4A-11D0-8D11-00A0C91BC942}") = "Helper", "..\Shared_Libraries\Helper.vcxproj", "{FAADBE00-9376-45F8-AEAC-1BA3A8E58A1D}"
EndProject
Project("{8BC9CEB8-8B4A-11D0-8D11-00A0C91BC942}") = "TestHelper", "..\Testing_Suite\TestHelper\TestHelper.vcxproj", "{AA859AD3-B805-4EC6-AF00-A063A63886EC}"
	ProjectSection(ProjectDependencies) = postProject
		{FAADBE00-9376-45F8-AEAC-1BA3A8E58A1D} = {FAADBE00-9376-45F8-AEAC-1BA3A8E58A1D}
	EndProjectSection
EndProject
Project("{930C7802-8A8C-48F9-8165-68863BCCD9DD}") = "Installer", "..\Setup_Installer\Installer.wixproj", "{3CD109B0-FB57-446C-AE40-CF4FD45793EF}"
	ProjectSection(ProjectDependencies) = postProject
		{7544A240-2EBF-4DC1-B55B-C8AE32672ED0} = {7544A240-2EBF-4DC1-B55B-C8AE32672ED0}
	EndProjectSection
EndProject
Project("{8BC9CEB8-8B4A-11D0-8D11-00A0C91BC942}") = "TestWin32Explorer", "..\Testing_Suite\TestWin32Explorer\TestWin32Explorer.vcxproj", "{1964E0F5-1A0F-4CB1-BAB5-B793F130F0FB}"
EndProject
Global
	GlobalSection(SolutionConfigurationPlatforms) = preSolution
		Debug|ARM64 = Debug|ARM64
		Debug|Win32 = Debug|Win32
		Debug|x64 = Debug|x64
		Debug-Asan|ARM64 = Debug-Asan|ARM64
		Debug-Asan|Win32 = Debug-Asan|Win32
		Debug-Asan|x64 = Debug-Asan|x64
		Debug-Clang|ARM64 = Debug-Clang|ARM64
		Debug-Clang|Win32 = Debug-Clang|Win32
		Debug-Clang|x64 = Debug-Clang|x64
		Release|ARM64 = Release|ARM64
		Release|Win32 = Release|Win32
		Release|x64 = Release|x64
		Release-Clang|ARM64 = Release-Clang|ARM64
		Release-Clang|Win32 = Release-Clang|Win32
		Release-Clang|x64 = Release-Clang|x64
	EndGlobalSection
	GlobalSection(ProjectConfigurationPlatforms) = postSolution
		{7544A240-2EBF-4DC1-B55B-C8AE32672ED0}.Debug|ARM64.ActiveCfg = Debug|ARM64
		{7544A240-2EBF-4DC1-B55B-C8AE32672ED0}.Debug|ARM64.Build.0 = Debug|ARM64
		{7544A240-2EBF-4DC1-B55B-C8AE32672ED0}.Debug|Win32.ActiveCfg = Debug|Win32
		{7544A240-2EBF-4DC1-B55B-C8AE32672ED0}.Debug|Win32.Build.0 = Debug|Win32
		{7544A240-2EBF-4DC1-B55B-C8AE32672ED0}.Debug|x64.ActiveCfg = Debug|x64
		{7544A240-2EBF-4DC1-B55B-C8AE32672ED0}.Debug|x64.Build.0 = Debug|x64
		{7544A240-2EBF-4DC1-B55B-C8AE32672ED0}.Debug-Asan|ARM64.ActiveCfg = Debug|ARM64
		{7544A240-2EBF-4DC1-B55B-C8AE32672ED0}.Debug-Asan|ARM64.Build.0 = Debug|ARM64
		{7544A240-2EBF-4DC1-B55B-C8AE32672ED0}.Debug-Asan|Win32.ActiveCfg = Debug-Asan|Win32
		{7544A240-2EBF-4DC1-B55B-C8AE32672ED0}.Debug-Asan|Win32.Build.0 = Debug-Asan|Win32
		{7544A240-2EBF-4DC1-B55B-C8AE32672ED0}.Debug-Asan|x64.ActiveCfg = Debug-Asan|x64
		{7544A240-2EBF-4DC1-B55B-C8AE32672ED0}.Debug-Asan|x64.Build.0 = Debug-Asan|x64
		{7544A240-2EBF-4DC1-B55B-C8AE32672ED0}.Debug-Clang|ARM64.ActiveCfg = Debug-Clang|ARM64
		{7544A240-2EBF-4DC1-B55B-C8AE32672ED0}.Debug-Clang|ARM64.Build.0 = Debug-Clang|ARM64
		{7544A240-2EBF-4DC1-B55B-C8AE32672ED0}.Debug-Clang|Win32.ActiveCfg = Debug-Clang|Win32
		{7544A240-2EBF-4DC1-B55B-C8AE32672ED0}.Debug-Clang|Win32.Build.0 = Debug-Clang|Win32
		{7544A240-2EBF-4DC1-B55B-C8AE32672ED0}.Debug-Clang|x64.ActiveCfg = Debug-Clang|x64
		{7544A240-2EBF-4DC1-B55B-C8AE32672ED0}.Debug-Clang|x64.Build.0 = Debug-Clang|x64
		{7544A240-2EBF-4DC1-B55B-C8AE32672ED0}.Release|ARM64.ActiveCfg = Release|ARM64
		{7544A240-2EBF-4DC1-B55B-C8AE32672ED0}.Release|ARM64.Build.0 = Release|ARM64
		{7544A240-2EBF-4DC1-B55B-C8AE32672ED0}.Release|Win32.ActiveCfg = Release|Win32
		{7544A240-2EBF-4DC1-B55B-C8AE32672ED0}.Release|Win32.Build.0 = Release|Win32
		{7544A240-2EBF-4DC1-B55B-C8AE32672ED0}.Release|x64.ActiveCfg = Release|x64
		{7544A240-2EBF-4DC1-B55B-C8AE32672ED0}.Release|x64.Build.0 = Release|x64
		{7544A240-2EBF-4DC1-B55B-C8AE32672ED0}.Release-Clang|ARM64.ActiveCfg = Release-Clang|ARM64
		{7544A240-2EBF-4DC1-B55B-C8AE32672ED0}.Release-Clang|ARM64.Build.0 = Release-Clang|ARM64
		{7544A240-2EBF-4DC1-B55B-C8AE32672ED0}.Release-Clang|Win32.ActiveCfg = Release-Clang|Win32
		{7544A240-2EBF-4DC1-B55B-C8AE32672ED0}.Release-Clang|Win32.Build.0 = Release-Clang|Win32
		{7544A240-2EBF-4DC1-B55B-C8AE32672ED0}.Release-Clang|x64.ActiveCfg = Release-Clang|x64
		{7544A240-2EBF-4DC1-B55B-C8AE32672ED0}.Release-Clang|x64.Build.0 = Release-Clang|x64
		{FAADBE00-9376-45F8-AEAC-1BA3A8E58A1D}.Debug|ARM64.ActiveCfg = Debug|ARM64
		{FAADBE00-9376-45F8-AEAC-1BA3A8E58A1D}.Debug|ARM64.Build.0 = Debug|ARM64
		{FAADBE00-9376-45F8-AEAC-1BA3A8E58A1D}.Debug|Win32.ActiveCfg = Debug|Win32
		{FAADBE00-9376-45F8-AEAC-1BA3A8E58A1D}.Debug|Win32.Build.0 = Debug|Win32
		{FAADBE00-9376-45F8-AEAC-1BA3A8E58A1D}.Debug|x64.ActiveCfg = Debug|x64
		{FAADBE00-9376-45F8-AEAC-1BA3A8E58A1D}.Debug|x64.Build.0 = Debug|x64
		{FAADBE00-9376-45F8-AEAC-1BA3A8E58A1D}.Debug-Asan|ARM64.ActiveCfg = Debug|ARM64
		{FAADBE00-9376-45F8-AEAC-1BA3A8E58A1D}.Debug-Asan|ARM64.Build.0 = Debug|ARM64
		{FAADBE00-9376-45F8-AEAC-1BA3A8E58A1D}.Debug-Asan|Win32.ActiveCfg = Debug-Asan|Win32
		{FAADBE00-9376-45F8-AEAC-1BA3A8E58A1D}.Debug-Asan|Win32.Build.0 = Debug-Asan|Win32
		{FAADBE00-9376-45F8-AEAC-1BA3A8E58A1D}.Debug-Asan|x64.ActiveCfg = Debug-Asan|x64
		{FAADBE00-9376-45F8-AEAC-1BA3A8E58A1D}.Debug-Asan|x64.Build.0 = Debug-Asan|x64
		{FAADBE00-9376-45F8-AEAC-1BA3A8E58A1D}.Debug-Clang|ARM64.ActiveCfg = Debug-Clang|ARM64
		{FAADBE00-9376-45F8-AEAC-1BA3A8E58A1D}.Debug-Clang|ARM64.Build.0 = Debug-Clang|ARM64
		{FAADBE00-9376-45F8-AEAC-1BA3A8E58A1D}.Debug-Clang|Win32.ActiveCfg = Debug-Clang|Win32
		{FAADBE00-9376-45F8-AEAC-1BA3A8E58A1D}.Debug-Clang|Win32.Build.0 = Debug-Clang|Win32
		{FAADBE00-9376-45F8-AEAC-1BA3A8E58A1D}.Debug-Clang|x64.ActiveCfg = Debug-Clang|x64
		{FAADBE00-9376-45F8-AEAC-1BA3A8E58A1D}.Debug-Clang|x64.Build.0 = Debug-Clang|x64
		{FAADBE00-9376-45F8-AEAC-1BA3A8E58A1D}.Release|ARM64.ActiveCfg = Release|ARM64
		{FAADBE00-9376-45F8-AEAC-1BA3A8E58A1D}.Release|ARM64.Build.0 = Release|ARM64
		{FAADBE00-9376-45F8-AEAC-1BA3A8E58A1D}.Release|Win32.ActiveCfg = Release|Win32
		{FAADBE00-9376-45F8-AEAC-1BA3A8E58A1D}.Release|Win32.Build.0 = Release|Win32
		{FAADBE00-9376-45F8-AEAC-1BA3A8E58A1D}.Release|x64.ActiveCfg = Release|x64
		{FAADBE00-9376-45F8-AEAC-1BA3A8E58A1D}.Release|x64.Build.0 = Release|x64
		{FAADBE00-9376-45F8-AEAC-1BA3A8E58A1D}.Release-Clang|ARM64.ActiveCfg = Release-Clang|ARM64
		{FAADBE00-9376-45F8-AEAC-1BA3A8E58A1D}.Release-Clang|ARM64.Build.0 = Release-Clang|ARM64
		{FAADBE00-9376-45F8-AEAC-1BA3A8E58A1D}.Release-Clang|Win32.ActiveCfg = Release-Clang|Win32
		{FAADBE00-9376-45F8-AEAC-1BA3A8E58A1D}.Release-Clang|Win32.Build.0 = Release-Clang|Win32
		{FAADBE00-9376-45F8-AEAC-1BA3A8E58A1D}.Release-Clang|x64.ActiveCfg = Release-Clang|x64
		{FAADBE00-9376-45F8-AEAC-1BA3A8E58A1D}.Release-Clang|x64.Build.0 = Release-Clang|x64
		{AA859AD3-B805-4EC6-AF00-A063A63886EC}.Debug|ARM64.ActiveCfg = Debug|Win32
		{AA859AD3-B805-4EC6-AF00-A063A63886EC}.Debug|Win32.ActiveCfg = Debug|Win32
		{AA859AD3-B805-4EC6-AF00-A063A63886EC}.Debug|x64.ActiveCfg = Debug|Win32
		{AA859AD3-B805-4EC6-AF00-A063A63886EC}.Debug-Asan|ARM64.ActiveCfg = Debug|Win32
		{AA859AD3-B805-4EC6-AF00-A063A63886EC}.Debug-Asan|Win32.ActiveCfg = Debug|Win32
		{AA859AD3-B805-4EC6-AF00-A063A63886EC}.Debug-Asan|x64.ActiveCfg = Debug|Win32
		{AA859AD3-B805-4EC6-AF00-A063A63886EC}.Debug-Clang|ARM64.ActiveCfg = Debug-Clang|Win32
		{AA859AD3-B805-4EC6-AF00-A063A63886EC}.Debug-Clang|Win32.ActiveCfg = Debug-Clang|Win32
		{AA859AD3-B805-4EC6-AF00-A063A63886EC}.Debug-Clang|x64.ActiveCfg = Debug|Win32
		{AA859AD3-B805-4EC6-AF00-A063A63886EC}.Release|ARM64.ActiveCfg = Release|Win32
		{AA859AD3-B805-4EC6-AF00-A063A63886EC}.Release|Win32.ActiveCfg = Release|Win32
		{AA859AD3-B805-4EC6-AF00-A063A63886EC}.Release|x64.ActiveCfg = Release|Win32
		{AA859AD3-B805-4EC6-AF00-A063A63886EC}.Release-Clang|ARM64.ActiveCfg = Release|Win32
		{AA859AD3-B805-4EC6-AF00-A063A63886EC}.Release-Clang|Win32.ActiveCfg = Release|Win32
		{AA859AD3-B805-4EC6-AF00-A063A63886EC}.Release-Clang|x64.ActiveCfg = Release|Win32
		{3CD109B0-FB57-446C-AE40-CF4FD45793EF}.Debug|ARM64.ActiveCfg = Debug|x64
		{3CD109B0-FB57-446C-AE40-CF4FD45793EF}.Debug|Win32.ActiveCfg = Debug|x86
		{3CD109B0-FB57-446C-AE40-CF4FD45793EF}.Debug|x64.ActiveCfg = Debug|x86
		{3CD109B0-FB57-446C-AE40-CF4FD45793EF}.Debug-Asan|ARM64.ActiveCfg = Debug|x64
		{3CD109B0-FB57-446C-AE40-CF4FD45793EF}.Debug-Asan|Win32.ActiveCfg = Debug|x86
		{3CD109B0-FB57-446C-AE40-CF4FD45793EF}.Debug-Asan|x64.ActiveCfg = Debug|x64
		{3CD109B0-FB57-446C-AE40-CF4FD45793EF}.Debug-Clang|ARM64.ActiveCfg = Debug|x64
		{3CD109B0-FB57-446C-AE40-CF4FD45793EF}.Debug-Clang|Win32.ActiveCfg = Debug|x86
		{3CD109B0-FB57-446C-AE40-CF4FD45793EF}.Debug-Clang|x64.ActiveCfg = Debug|x64
		{3CD109B0-FB57-446C-AE40-CF4FD45793EF}.Release|ARM64.ActiveCfg = Release|x64
		{3CD109B0-FB57-446C-AE40-CF4FD45793EF}.Release|Win32.ActiveCfg = Release|x86
		{3CD109B0-FB57-446C-AE40-CF4FD45793EF}.Release|Win32.Build.0 = Release|x86
		{3CD109B0-FB57-446C-AE40-CF4FD45793EF}.Release|x64.ActiveCfg = Release|x64
		{3CD109B0-FB57-446C-AE40-CF4FD45793EF}.Release|x64.Build.0 = Release|x64
		{3CD109B0-FB57-446C-AE40-CF4FD45793EF}.Release-Clang|ARM64.ActiveCfg = Release|x64
		{3CD109B0-FB57-446C-AE40-CF4FD45793EF}.Release-Clang|Win32.ActiveCfg = Release|x86
		{3CD109B0-FB57-446C-AE40-CF4FD45793EF}.Release-Clang|Win32.Build.0 = Release|x86
		{3CD109B0-FB57-446C-AE40-CF4FD45793EF}.Release-Clang|x64.ActiveCfg = Release|x64
		{3CD109B0-FB57-446C-AE40-CF4FD45793EF}.Release-Clang|x64.Build.0 = Release|x64
		{1964E0F5-1A0F-4CB1-BAB5-B793F130F0FB}.Debug|ARM64.ActiveCfg = Debug|ARM64
		{1964E0F5-1A0F-4CB1-BAB5-B793F130F0FB}.Debug|ARM64.Build.0 = Debug|ARM64
		{1964E0F5-1A0F-4CB1-BAB5-B793F130F0FB}.Debug|Win32.ActiveCfg = Debug|Win32
		{1964E0F5-1A0F-4CB1-BAB5-B793F130F0FB}.Debug|Win32.Build.0 = Debug|Win32
		{1964E0F5-1A0F-4CB1-BAB5-B793F130F0FB}.Debug|x64.ActiveCfg = Debug|x64
		{1964E0F5-1A0F-4CB1-BAB5-B793F130F0FB}.Debug|x64.Build.0 = Debug|x64
		{1964E0F5-1A0F-4CB1-BAB5-B793F130F0FB}.Debug-Asan|ARM64.ActiveCfg = Debug|ARM64
		{1964E0F5-1A0F-4CB1-BAB5-B793F130F0FB}.Debug-Asan|ARM64.Build.0 = Debug|ARM64
		{1964E0F5-1A0F-4CB1-BAB5-B793F130F0FB}.Debug-Asan|Win32.ActiveCfg = Debug-Asan|Win32
		{1964E0F5-1A0F-4CB1-BAB5-B793F130F0FB}.Debug-Asan|Win32.Build.0 = Debug-Asan|Win32
		{1964E0F5-1A0F-4CB1-BAB5-B793F130F0FB}.Debug-Asan|x64.ActiveCfg = Debug-Asan|x64
		{1964E0F5-1A0F-4CB1-BAB5-B793F130F0FB}.Debug-Asan|x64.Build.0 = Debug-Asan|x64
		{1964E0F5-1A0F-4CB1-BAB5-B793F130F0FB}.Debug-Clang|ARM64.ActiveCfg = Debug-Clang|ARM64
		{1964E0F5-1A0F-4CB1-BAB5-B793F130F0FB}.Debug-Clang|ARM64.Build.0 = Debug-Clang|ARM64
		{1964E0F5-1A0F-4CB1-BAB5-B793F130F0FB}.Debug-Clang|Win32.ActiveCfg = Debug-Clang|Win32
		{1964E0F5-1A0F-4CB1-BAB5-B793F130F0FB}.Debug-Clang|Win32.Build.0 = Debug-Clang|Win32
		{1964E0F5-1A0F-4CB1-BAB5-B793F130F0FB}.Debug-Clang|x64.ActiveCfg = Debug-Clang|x64
		{1964E0F5-1A0F-4CB1-BAB5-B793F130F0FB}.Debug-Clang|x64.Build.0 = Debug-Clang|x64
		{1964E0F5-1A0F-4CB1-BAB5-B793F130F0FB}.Release|ARM64.ActiveCfg = Release|ARM64
		{1964E0F5-1A0F-4CB1-BAB5-B793F130F0FB}.Release|ARM64.Build.0 = Release|ARM64
		{1964E0F5-1A0F-4CB1-BAB5-B793F130F0FB}.Release|Win32.ActiveCfg = Release|Win32
		{1964E0F5-1A0F-4CB1-BAB5-B793F130F0FB}.Release|Win32.Build.0 = Release|Win32
		{1964E0F5-1A0F-4CB1-BAB5-B793F130F0FB}.Release|x64.ActiveCfg = Release|x64
		{1964E0F5-1A0F-4CB1-BAB5-B793F130F0FB}.Release|x64.Build.0 = Release|x64
		{1964E0F5-1A0F-4CB1-BAB5-B793F130F0FB}.Release-Clang|ARM64.ActiveCfg = Release-Clang|ARM64
		{1964E0F5-1A0F-4CB1-BAB5-B793F130F0FB}.Release-Clang|ARM64.Build.0 = Release-Clang|ARM64
		{1964E0F5-1A0F-4CB1-BAB5-B793F130F0FB}.Release-Clang|Win32.ActiveCfg = Release-Clang|Win32
		{1964E0F5-1A0F-4CB1-BAB5-B793F130F0FB}.Release-Clang|Win32.Build.0 = Release-Clang|Win32
		{1964E0F5-1A0F-4CB1-BAB5-B793F130F0FB}.Release-Clang|x64.ActiveCfg = Release-Clang|x64
		{1964E0F5-1A0F-4CB1-BAB5-B793F130F0FB}.Release-Clang|x64.Build.0 = Release-Clang|x64
	EndGlobalSection
	GlobalSection(SolutionProperties) = preSolution
		HideSolutionNode = FALSE
	EndGlobalSection
	GlobalSection(ExtensibilityGlobals) = postSolution
		SolutionGuid = {504CEF86-1D85-4DF5-84B2-ECA032747EC4}
	EndGlobalSection
EndGlobal
